{
  "name": "cutcocreate",
  "version": "1.0.0",
  "lockfileVersion": 1,
  "requires": true,
  "dependencies": {
    "vuetify": {
      "version": "2.5.8",
      "resolved": "https://registry.npmjs.org/vuetify/-/vuetify-2.5.8.tgz",
      "integrity": "sha512-paLmNhKTYFD41+14rIHnCo+P1jHbUzwBiMowxs5qXVq8RdRMqRmcy05Sfse1WUu90amPGK2fIFQq5rL2N8zqZg=="
    }
  }
}
